
Microsoft Visual Studio Solution File, Format Version 12.00
# Visual Studio Version 17
VisualStudioVersion = 17.0.32014.148
MinimumVisualStudioVersion = 10.0.40219.1
Project("{9A19103F-16F7-4668-BE54-9A1E7A4F7556}") = "blazingdocs.Domain", "04_Domain\blazingdocs.Domain\blazingdocs.Domain.csproj", "{5852284D-5324-4C0C-8874-72EF69F37DE8}"
EndProject
Project("{2150E333-8FDC-42A3-9474-1A3956D46DE8}") = "04_Domain", "04_Domain", "{C78CD882-74D1-4108-8F18-7A66FAAE48D5}"
EndProject
Project("{2150E333-8FDC-42A3-9474-1A3956D46DE8}") = "03_Infrastructure", "03_Infrastructure", "{C436C3EF-CA1E-4B1D-A4FA-9692423B25A6}"
EndProject
Project("{2150E333-8FDC-42A3-9474-1A3956D46DE8}") = "02_Application", "02_Application", "{FAB6BD28-68AE-47A7-8496-550489CA7E3D}"
EndProject
Project("{2150E333-8FDC-42A3-9474-1A3956D46DE8}") = "01_Execution", "01_Execution", "{672E5FE5-02C5-4AA9-9A54-18A740125DB4}"
EndProject
Project("{9A19103F-16F7-4668-BE54-9A1E7A4F7556}") = "blazingdocs.Repositories", "03_Infrastructure\blazingdocs.Repositories\blazingdocs.Repositories.csproj", "{FB13122D-29D6-498A-96FA-CD04BE4AE212}"
EndProject
Project("{2150E333-8FDC-42A3-9474-1A3956D46DE8}") = "Solution Items", "Solution Items", "{187AC65F-C0F3-4506-85EC-46AE3D3C3FBE}"
	ProjectSection(SolutionItems) = preProject
		Directory.build.props = Directory.build.props
	EndProjectSection
EndProject
Project("{9A19103F-16F7-4668-BE54-9A1E7A4F7556}") = "blazingdocs.Contracts", "02_Application\blazingdocs.Contracts\blazingdocs.Contracts.csproj", "{DE6211DC-0845-4DB2-AB5B-7300A9497D15}"
EndProject
Project("{9A19103F-16F7-4668-BE54-9A1E7A4F7556}") = "blazingdocs.UI.Server", "01_Execution\blazingdocs.UI.Server\blazingdocs.UI.Server.csproj", "{4F334251-BF01-4B8C-9080-979505CEBD33}"
EndProject
Project("{9A19103F-16F7-4668-BE54-9A1E7A4F7556}") = "blazingdocs.UI.Client", "01_Execution\blazingdocs.UI.Client\blazingdocs.UI.Client.csproj", "{EB26A0BA-15F3-4433-B842-0A282BC588E1}"
EndProject
Project("{9A19103F-16F7-4668-BE54-9A1E7A4F7556}") = "blazingdocs.ApplicationServices", "02_Application\blazingdocs.ApplicationServices\blazingdocs.ApplicationServices.csproj", "{8E4F3059-F0BF-41EE-967B-6ADBC983793C}"
EndProject
Global
	GlobalSection(SolutionConfigurationPlatforms) = preSolution
		Debug|Any CPU = Debug|Any CPU
		Release|Any CPU = Release|Any CPU
	EndGlobalSection
	GlobalSection(ProjectConfigurationPlatforms) = postSolution
		{5852284D-5324-4C0C-8874-72EF69F37DE8}.Debug|Any CPU.ActiveCfg = Debug|Any CPU
		{5852284D-5324-4C0C-8874-72EF69F37DE8}.Debug|Any CPU.Build.0 = Debug|Any CPU
		{5852284D-5324-4C0C-8874-72EF69F37DE8}.Release|Any CPU.ActiveCfg = Release|Any CPU
		{5852284D-5324-4C0C-8874-72EF69F37DE8}.Release|Any CPU.Build.0 = Release|Any CPU
		{FB13122D-29D6-498A-96FA-CD04BE4AE212}.Debug|Any CPU.ActiveCfg = Debug|Any CPU
		{FB13122D-29D6-498A-96FA-CD04BE4AE212}.Debug|Any CPU.Build.0 = Debug|Any CPU
		{FB13122D-29D6-498A-96FA-CD04BE4AE212}.Release|Any CPU.ActiveCfg = Release|Any CPU
		{FB13122D-29D6-498A-96FA-CD04BE4AE212}.Release|Any CPU.Build.0 = Release|Any CPU
		{DE6211DC-0845-4DB2-AB5B-7300A9497D15}.Debug|Any CPU.ActiveCfg = Debug|Any CPU
		{DE6211DC-0845-4DB2-AB5B-7300A9497D15}.Debug|Any CPU.Build.0 = Debug|Any CPU
		{DE6211DC-0845-4DB2-AB5B-7300A9497D15}.Release|Any CPU.ActiveCfg = Release|Any CPU
		{DE6211DC-0845-4DB2-AB5B-7300A9497D15}.Release|Any CPU.Build.0 = Release|Any CPU
		{4F334251-BF01-4B8C-9080-979505CEBD33}.Debug|Any CPU.ActiveCfg = Debug|Any CPU
		{4F334251-BF01-4B8C-9080-979505CEBD33}.Debug|Any CPU.Build.0 = Debug|Any CPU
		{4F334251-BF01-4B8C-9080-979505CEBD33}.Release|Any CPU.ActiveCfg = Release|Any CPU
		{4F334251-BF01-4B8C-9080-979505CEBD33}.Release|Any CPU.Build.0 = Release|Any CPU
		{EB26A0BA-15F3-4433-B842-0A282BC588E1}.Debug|Any CPU.ActiveCfg = Debug|Any CPU
		{EB26A0BA-15F3-4433-B842-0A282BC588E1}.Debug|Any CPU.Build.0 = Debug|Any CPU
		{EB26A0BA-15F3-4433-B842-0A282BC588E1}.Release|Any CPU.ActiveCfg = Release|Any CPU
		{EB26A0BA-15F3-4433-B842-0A282BC588E1}.Release|Any CPU.Build.0 = Release|Any CPU
		{8E4F3059-F0BF-41EE-967B-6ADBC983793C}.Debug|Any CPU.ActiveCfg = Debug|Any CPU
		{8E4F3059-F0BF-41EE-967B-6ADBC983793C}.Debug|Any CPU.Build.0 = Debug|Any CPU
		{8E4F3059-F0BF-41EE-967B-6ADBC983793C}.Release|Any CPU.ActiveCfg = Release|Any CPU
		{8E4F3059-F0BF-41EE-967B-6ADBC983793C}.Release|Any CPU.Build.0 = Release|Any CPU
	EndGlobalSection
	GlobalSection(SolutionProperties) = preSolution
		HideSolutionNode = FALSE
	EndGlobalSection
	GlobalSection(NestedProjects) = preSolution
		{5852284D-5324-4C0C-8874-72EF69F37DE8} = {C78CD882-74D1-4108-8F18-7A66FAAE48D5}
		{FB13122D-29D6-498A-96FA-CD04BE4AE212} = {C436C3EF-CA1E-4B1D-A4FA-9692423B25A6}
		{DE6211DC-0845-4DB2-AB5B-7300A9497D15} = {FAB6BD28-68AE-47A7-8496-550489CA7E3D}
		{4F334251-BF01-4B8C-9080-979505CEBD33} = {672E5FE5-02C5-4AA9-9A54-18A740125DB4}
		{EB26A0BA-15F3-4433-B842-0A282BC588E1} = {672E5FE5-02C5-4AA9-9A54-18A740125DB4}
		{8E4F3059-F0BF-41EE-967B-6ADBC983793C} = {FAB6BD28-68AE-47A7-8496-550489CA7E3D}
	EndGlobalSection
	GlobalSection(ExtensibilityGlobals) = postSolution
		SolutionGuid = {943ACD98-A840-40A0-A5AB-D08CD5BB0917}
	EndGlobalSection
EndGlobal
